// !$*UTF8*$!
{
	archiveVersion = 1;
	classes = {
	};
	objectVersion = 44;
	objects = {

/* Begin PBXBuildFile section */
		0026CD1D1197C25E007D86C6 /* ParticleSystem.cpp in Sources */ = {isa = PBXBuildFile; fileRef = 0026CD1B1197C25E007D86C6 /* ParticleSystem.cpp */; };
		0091D8F90E81B9330029341E /* OpenGL.framework in Frameworks */ = {isa = PBXBuildFile; fileRef = 0091D8F80E81B9330029341E /* OpenGL.framework */; };
		0097E3E50F3E9819005A4392 /* QuickTime.framework in Frameworks */ = {isa = PBXBuildFile; fileRef = 0097E3E40F3E9819005A4392 /* QuickTime.framework */; };
		00B784B30FF439BC000DE1D7 /* Accelerate.framework in Frameworks */ = {isa = PBXBuildFile; fileRef = 00B784AF0FF439BC000DE1D7 /* Accelerate.framework */; };
		00B784B40FF439BC000DE1D7 /* AudioToolbox.framework in Frameworks */ = {isa = PBXBuildFile; fileRef = 00B784B00FF439BC000DE1D7 /* AudioToolbox.framework */; };
		00B784B50FF439BC000DE1D7 /* AudioUnit.framework in Frameworks */ = {isa = PBXBuildFile; fileRef = 00B784B10FF439BC000DE1D7 /* AudioUnit.framework */; };
		00B784B60FF439BC000DE1D7 /* CoreAudio.framework in Frameworks */ = {isa = PBXBuildFile; fileRef = 00B784B20FF439BC000DE1D7 /* CoreAudio.framework */; };
		00BAE65A0E7ED9C10018A608 /* CinderParticlesApp.cpp in Sources */ = {isa = PBXBuildFile; fileRef = 00BAE6590E7ED9C10018A608 /* CinderParticlesApp.cpp */; };
		3C0999BD15DDEDEA007D4035 /* VaoMesh.cpp in Sources */ = {isa = PBXBuildFile; fileRef = 3C0999BB15DDEDEA007D4035 /* VaoMesh.cpp */; };
		3C0999BE15DDEDEA007D4035 /* VaoMesh.cpp in Sources */ = {isa = PBXBuildFile; fileRef = 3C0999BB15DDEDEA007D4035 /* VaoMesh.cpp */; };
		3C0999BF15DDEDEA007D4035 /* VaoMeshSystem.cpp in Sources */ = {isa = PBXBuildFile; fileRef = 3C0999BC15DDEDEA007D4035 /* VaoMeshSystem.cpp */; };
		3C0999C015DDEDEA007D4035 /* VaoMeshSystem.cpp in Sources */ = {isa = PBXBuildFile; fileRef = 3C0999BC15DDEDEA007D4035 /* VaoMeshSystem.cpp */; };
		3C09D57615CEFAE5007BEB31 /* GpuSystem.cpp in Sources */ = {isa = PBXBuildFile; fileRef = 3C09D57515CEFAE5007BEB31 /* GpuSystem.cpp */; };
		3C09D57715CEFAF9007BEB31 /* GpuSystem.cpp in Sources */ = {isa = PBXBuildFile; fileRef = 3C09D57515CEFAE5007BEB31 /* GpuSystem.cpp */; };
		3C09D57A15CF015A007BEB31 /* GpuParticleSystem.cpp in Sources */ = {isa = PBXBuildFile; fileRef = 3C09D57915CF015A007BEB31 /* GpuParticleSystem.cpp */; };
		3C09D57B15CF0164007BEB31 /* GpuParticleSystem.cpp in Sources */ = {isa = PBXBuildFile; fileRef = 3C09D57915CF015A007BEB31 /* GpuParticleSystem.cpp */; };
		3C0FF79B159FDDCA004FF665 /* images in Resources */ = {isa = PBXBuildFile; fileRef = 4101ECEE157D312400EF2816 /* images */; };
		3C0FF7A0159FDDCA004FF665 /* ParticleSystem.cpp in Sources */ = {isa = PBXBuildFile; fileRef = 0026CD1B1197C25E007D86C6 /* ParticleSystem.cpp */; };
		3C0FF7A2159FDDCA004FF665 /* Cocoa.framework in Frameworks */ = {isa = PBXBuildFile; fileRef = 1058C7A1FEA54F0111CA2CBB /* Cocoa.framework */; };
		3C0FF7A3159FDDCA004FF665 /* OpenGL.framework in Frameworks */ = {isa = PBXBuildFile; fileRef = 0091D8F80E81B9330029341E /* OpenGL.framework */; };
		3C0FF7A4159FDDCA004FF665 /* Carbon.framework in Frameworks */ = {isa = PBXBuildFile; fileRef = 53E3CDFB0E86099300238D2B /* Carbon.framework */; };
		3C0FF7A5159FDDCA004FF665 /* CoreVideo.framework in Frameworks */ = {isa = PBXBuildFile; fileRef = 5323E6B10EAFCA74003A9687 /* CoreVideo.framework */; };
		3C0FF7A6159FDDCA004FF665 /* QTKit.framework in Frameworks */ = {isa = PBXBuildFile; fileRef = 5323E6B50EAFCA7E003A9687 /* QTKit.framework */; };
		3C0FF7A7159FDDCA004FF665 /* QuickTime.framework in Frameworks */ = {isa = PBXBuildFile; fileRef = 0097E3E40F3E9819005A4392 /* QuickTime.framework */; };
		3C0FF7A8159FDDCA004FF665 /* Accelerate.framework in Frameworks */ = {isa = PBXBuildFile; fileRef = 00B784AF0FF439BC000DE1D7 /* Accelerate.framework */; };
		3C0FF7A9159FDDCA004FF665 /* AudioToolbox.framework in Frameworks */ = {isa = PBXBuildFile; fileRef = 00B784B00FF439BC000DE1D7 /* AudioToolbox.framework */; };
		3C0FF7AA159FDDCA004FF665 /* AudioUnit.framework in Frameworks */ = {isa = PBXBuildFile; fileRef = 00B784B10FF439BC000DE1D7 /* AudioUnit.framework */; };
		3C0FF7AB159FDDCA004FF665 /* CoreAudio.framework in Frameworks */ = {isa = PBXBuildFile; fileRef = 00B784B20FF439BC000DE1D7 /* CoreAudio.framework */; };
		3C12D8F315E1AD180098565D /* shaders in Resources */ = {isa = PBXBuildFile; fileRef = 3C12D8F215E1AD180098565D /* shaders */; };
		3C12D8F415E1AD180098565D /* shaders in Resources */ = {isa = PBXBuildFile; fileRef = 3C12D8F215E1AD180098565D /* shaders */; };
		3C4FAA9A15D8A21D00E0BE05 /* images in Resources */ = {isa = PBXBuildFile; fileRef = 4101ECEE157D312400EF2816 /* images */; };
		3C4FAA9C15D8A21D00E0BE05 /* meshes in Resources */ = {isa = PBXBuildFile; fileRef = 3C6605E215CF4EB30004B31D /* meshes */; };
		3C4FAAA815D8A21D00E0BE05 /* Cocoa.framework in Frameworks */ = {isa = PBXBuildFile; fileRef = 1058C7A1FEA54F0111CA2CBB /* Cocoa.framework */; };
		3C4FAAA915D8A21D00E0BE05 /* OpenGL.framework in Frameworks */ = {isa = PBXBuildFile; fileRef = 0091D8F80E81B9330029341E /* OpenGL.framework */; };
		3C4FAAAA15D8A21D00E0BE05 /* Carbon.framework in Frameworks */ = {isa = PBXBuildFile; fileRef = 53E3CDFB0E86099300238D2B /* Carbon.framework */; };
		3C4FAAAB15D8A21D00E0BE05 /* CoreVideo.framework in Frameworks */ = {isa = PBXBuildFile; fileRef = 5323E6B10EAFCA74003A9687 /* CoreVideo.framework */; };
		3C4FAAAC15D8A21D00E0BE05 /* QTKit.framework in Frameworks */ = {isa = PBXBuildFile; fileRef = 5323E6B50EAFCA7E003A9687 /* QTKit.framework */; };
		3C4FAAAD15D8A21D00E0BE05 /* QuickTime.framework in Frameworks */ = {isa = PBXBuildFile; fileRef = 0097E3E40F3E9819005A4392 /* QuickTime.framework */; };
		3C4FAAAE15D8A21D00E0BE05 /* Accelerate.framework in Frameworks */ = {isa = PBXBuildFile; fileRef = 00B784AF0FF439BC000DE1D7 /* Accelerate.framework */; };
		3C4FAAAF15D8A21D00E0BE05 /* AudioToolbox.framework in Frameworks */ = {isa = PBXBuildFile; fileRef = 00B784B00FF439BC000DE1D7 /* AudioToolbox.framework */; };
		3C4FAAB015D8A21D00E0BE05 /* AudioUnit.framework in Frameworks */ = {isa = PBXBuildFile; fileRef = 00B784B10FF439BC000DE1D7 /* AudioUnit.framework */; };
		3C4FAAB115D8A21D00E0BE05 /* CoreAudio.framework in Frameworks */ = {isa = PBXBuildFile; fileRef = 00B784B20FF439BC000DE1D7 /* CoreAudio.framework */; };
		3C4FAABA15D8A3D600E0BE05 /* SpriteSheetTestApp.cpp in Sources */ = {isa = PBXBuildFile; fileRef = 3C4FAAB815D8A3D600E0BE05 /* SpriteSheetTestApp.cpp */; };
		3C4FAABE15D8A4CE00E0BE05 /* SpriteSheet.cpp in Sources */ = {isa = PBXBuildFile; fileRef = 3C4FAABD15D8A4CE00E0BE05 /* SpriteSheet.cpp */; };
		3C6605E015CF48EF0004B31D /* MeshSystem.cpp in Sources */ = {isa = PBXBuildFile; fileRef = 3C6605DF15CF48EF0004B31D /* MeshSystem.cpp */; };
		3C6605E115CF48EF0004B31D /* MeshSystem.cpp in Sources */ = {isa = PBXBuildFile; fileRef = 3C6605DF15CF48EF0004B31D /* MeshSystem.cpp */; };
		3C6605E315CF4EB30004B31D /* meshes in Resources */ = {isa = PBXBuildFile; fileRef = 3C6605E215CF4EB30004B31D /* meshes */; };
		3C6605E415CF4EB30004B31D /* meshes in Resources */ = {isa = PBXBuildFile; fileRef = 3C6605E215CF4EB30004B31D /* meshes */; };
		3C74A40615E9419F00768E81 /* TriangleSystem.cpp in Sources */ = {isa = PBXBuildFile; fileRef = 3C74A40515E9419F00768E81 /* TriangleSystem.cpp */; };
		3C9D942215C6153800C47CDD /* Emitter.cpp in Sources */ = {isa = PBXBuildFile; fileRef = 3CBA5C4515C5E3330088D160 /* Emitter.cpp */; };
		3CBA5C4615C5E3330088D160 /* Emitter.cpp in Sources */ = {isa = PBXBuildFile; fileRef = 3CBA5C4515C5E3330088D160 /* Emitter.cpp */; };
		3CBE4BFB159FDFE7009863EB /* CinderMultiParticlesApp.cpp in Sources */ = {isa = PBXBuildFile; fileRef = 3CBE4BFA159FDFE7009863EB /* CinderMultiParticlesApp.cpp */; };
		3CC051BA15D8B01C004131FE /* dk.xml in Resources */ = {isa = PBXBuildFile; fileRef = 3CC051B915D8B01C004131FE /* dk.xml */; };
		3CC9BB3915C251C90017D3AE /* LineSystem.cpp in Sources */ = {isa = PBXBuildFile; fileRef = 3CC9BB3615C251C90017D3AE /* LineSystem.cpp */; };
		3CC9BB3A15C251C90017D3AE /* LineSystem.cpp in Sources */ = {isa = PBXBuildFile; fileRef = 3CC9BB3615C251C90017D3AE /* LineSystem.cpp */; };
		3CC9BB3B15C251C90017D3AE /* NumberCache.cpp in Sources */ = {isa = PBXBuildFile; fileRef = 3CC9BB3715C251C90017D3AE /* NumberCache.cpp */; };
		3CC9BB3C15C251C90017D3AE /* NumberCache.cpp in Sources */ = {isa = PBXBuildFile; fileRef = 3CC9BB3715C251C90017D3AE /* NumberCache.cpp */; };
		3CC9BB3D15C251C90017D3AE /* SpriteSystem.cpp in Sources */ = {isa = PBXBuildFile; fileRef = 3CC9BB3815C251C90017D3AE /* SpriteSystem.cpp */; };
		3CC9BB3E15C251C90017D3AE /* SpriteSystem.cpp in Sources */ = {isa = PBXBuildFile; fileRef = 3CC9BB3815C251C90017D3AE /* SpriteSystem.cpp */; };
		4101ECF0157D312400EF2816 /* images in Resources */ = {isa = PBXBuildFile; fileRef = 4101ECEE157D312400EF2816 /* images */; };
		5323E6B20EAFCA74003A9687 /* CoreVideo.framework in Frameworks */ = {isa = PBXBuildFile; fileRef = 5323E6B10EAFCA74003A9687 /* CoreVideo.framework */; };
		5323E6B60EAFCA7E003A9687 /* QTKit.framework in Frameworks */ = {isa = PBXBuildFile; fileRef = 5323E6B50EAFCA7E003A9687 /* QTKit.framework */; };
		53E3CDFC0E86099300238D2B /* Carbon.framework in Frameworks */ = {isa = PBXBuildFile; fileRef = 53E3CDFB0E86099300238D2B /* Carbon.framework */; };
		8D11072F0486CEB800E47090 /* Cocoa.framework in Frameworks */ = {isa = PBXBuildFile; fileRef = 1058C7A1FEA54F0111CA2CBB /* Cocoa.framework */; };
/* End PBXBuildFile section */

/* Begin PBXFileReference section */
		0026CD1B1197C25E007D86C6 /* ParticleSystem.cpp */ = {isa = PBXFileReference; fileEncoding = 4; lastKnownFileType = sourcecode.cpp.cpp; name = ParticleSystem.cpp; path = ../src/ParticleSystem.cpp; sourceTree = SOURCE_ROOT; };
		0026CD211197C267007D86C6 /* ParticleSystem.h */ = {isa = PBXFileReference; fileEncoding = 4; lastKnownFileType = sourcecode.c.h; name = ParticleSystem.h; path = ../include/ParticleSystem.h; sourceTree = SOURCE_ROOT; };
		0091D8F80E81B9330029341E /* OpenGL.framework */ = {isa = PBXFileReference; lastKnownFileType = wrapper.framework; name = OpenGL.framework; path = /System/Library/Frameworks/OpenGL.framework; sourceTree = "<absolute>"; };
		0097E3E40F3E9819005A4392 /* QuickTime.framework */ = {isa = PBXFileReference; lastKnownFileType = wrapper.framework; name = QuickTime.framework; path = /System/Library/Frameworks/QuickTime.framework; sourceTree = "<absolute>"; };
		00B784AF0FF439BC000DE1D7 /* Accelerate.framework */ = {isa = PBXFileReference; lastKnownFileType = wrapper.framework; name = Accelerate.framework; path = System/Library/Frameworks/Accelerate.framework; sourceTree = SDKROOT; };
		00B784B00FF439BC000DE1D7 /* AudioToolbox.framework */ = {isa = PBXFileReference; lastKnownFileType = wrapper.framework; name = AudioToolbox.framework; path = System/Library/Frameworks/AudioToolbox.framework; sourceTree = SDKROOT; };
		00B784B10FF439BC000DE1D7 /* AudioUnit.framework */ = {isa = PBXFileReference; lastKnownFileType = wrapper.framework; name = AudioUnit.framework; path = System/Library/Frameworks/AudioUnit.framework; sourceTree = SDKROOT; };
		00B784B20FF439BC000DE1D7 /* CoreAudio.framework */ = {isa = PBXFileReference; lastKnownFileType = wrapper.framework; name = CoreAudio.framework; path = System/Library/Frameworks/CoreAudio.framework; sourceTree = SDKROOT; };
		00BAE6590E7ED9C10018A608 /* CinderParticlesApp.cpp */ = {isa = PBXFileReference; fileEncoding = 4; lastKnownFileType = sourcecode.cpp.cpp; name = CinderParticlesApp.cpp; path = ../src/CinderParticlesApp.cpp; sourceTree = SOURCE_ROOT; };
		1058C7A1FEA54F0111CA2CBB /* Cocoa.framework */ = {isa = PBXFileReference; lastKnownFileType = wrapper.framework; name = Cocoa.framework; path = /System/Library/Frameworks/Cocoa.framework; sourceTree = "<absolute>"; };
		13E42FB307B3F0F600E4EEF1 /* CoreData.framework */ = {isa = PBXFileReference; lastKnownFileType = wrapper.framework; name = CoreData.framework; path = /System/Library/Frameworks/CoreData.framework; sourceTree = "<absolute>"; };
		29B97324FDCFA39411CA2CEA /* AppKit.framework */ = {isa = PBXFileReference; lastKnownFileType = wrapper.framework; name = AppKit.framework; path = /System/Library/Frameworks/AppKit.framework; sourceTree = "<absolute>"; };
		29B97325FDCFA39411CA2CEA /* Foundation.framework */ = {isa = PBXFileReference; lastKnownFileType = wrapper.framework; name = Foundation.framework; path = /System/Library/Frameworks/Foundation.framework; sourceTree = "<absolute>"; };
		32CA4F630368D1EE00C91783 /* CinderParticles_Prefix.pch */ = {isa = PBXFileReference; fileEncoding = 4; lastKnownFileType = sourcecode.c.h; path = CinderParticles_Prefix.pch; sourceTree = "<group>"; };
		3C0999BB15DDEDEA007D4035 /* VaoMesh.cpp */ = {isa = PBXFileReference; fileEncoding = 4; lastKnownFileType = sourcecode.cpp.cpp; name = VaoMesh.cpp; path = ../src/VaoMesh.cpp; sourceTree = "<group>"; };
		3C0999BC15DDEDEA007D4035 /* VaoMeshSystem.cpp */ = {isa = PBXFileReference; fileEncoding = 4; lastKnownFileType = sourcecode.cpp.cpp; name = VaoMeshSystem.cpp; path = ../src/VaoMeshSystem.cpp; sourceTree = "<group>"; };
		3C0999C215DDEDF5007D4035 /* VaoMesh.h */ = {isa = PBXFileReference; fileEncoding = 4; lastKnownFileType = sourcecode.c.h; name = VaoMesh.h; path = ../include/VaoMesh.h; sourceTree = "<group>"; };
		3C0999C315DDEDF5007D4035 /* VaoMeshSystem.h */ = {isa = PBXFileReference; fileEncoding = 4; lastKnownFileType = sourcecode.c.h; name = VaoMeshSystem.h; path = ../include/VaoMeshSystem.h; sourceTree = "<group>"; };
		3C09D57315CEFADD007BEB31 /* GpuSystem.h */ = {isa = PBXFileReference; fileEncoding = 4; lastKnownFileType = sourcecode.c.h; name = GpuSystem.h; path = ../include/GpuSystem.h; sourceTree = "<group>"; };
		3C09D57515CEFAE5007BEB31 /* GpuSystem.cpp */ = {isa = PBXFileReference; fileEncoding = 4; lastKnownFileType = sourcecode.cpp.cpp; name = GpuSystem.cpp; path = ../src/GpuSystem.cpp; sourceTree = "<group>"; };
		3C09D57815CEFF2F007BEB31 /* GpuParticleSystem.h */ = {isa = PBXFileReference; fileEncoding = 4; lastKnownFileType = sourcecode.c.h; name = GpuParticleSystem.h; path = ../include/GpuParticleSystem.h; sourceTree = "<group>"; };
		3C09D57915CF015A007BEB31 /* GpuParticleSystem.cpp */ = {isa = PBXFileReference; fileEncoding = 4; lastKnownFileType = sourcecode.cpp.cpp; name = GpuParticleSystem.cpp; path = ../src/GpuParticleSystem.cpp; sourceTree = "<group>"; };
		3C0FF7AF159FDDCA004FF665 /* CinderMultiParticles.app */ = {isa = PBXFileReference; explicitFileType = wrapper.application; includeInIndex = 0; path = CinderMultiParticles.app; sourceTree = BUILT_PRODUCTS_DIR; };
		3C0FF7B2159FDDCB004FF665 /* CinderMultiParticles-Info.plist */ = {isa = PBXFileReference; lastKnownFileType = text.plist.xml; name = "CinderMultiParticles-Info.plist"; path = "/Users/Caleb/Development/OpenSource/CinderParticles/xcode/CinderMultiParticles-Info.plist"; sourceTree = "<absolute>"; };
		3C12D8F215E1AD180098565D /* shaders */ = {isa = PBXFileReference; lastKnownFileType = folder; name = shaders; path = ../resources/shaders; sourceTree = "<group>"; };
		3C4FAAB515D8A21D00E0BE05 /* SpriteSheetTest.app */ = {isa = PBXFileReference; explicitFileType = wrapper.application; includeInIndex = 0; path = SpriteSheetTest.app; sourceTree = BUILT_PRODUCTS_DIR; };
		3C4FAAB715D8A21D00E0BE05 /* SpriteSheetTest-Info.plist */ = {isa = PBXFileReference; lastKnownFileType = text.plist.xml; name = "SpriteSheetTest-Info.plist"; path = "/Users/Caleb/Development/OpenSource/CinderParticles/xcode/SpriteSheetTest-Info.plist"; sourceTree = "<absolute>"; };
		3C4FAAB815D8A3D600E0BE05 /* SpriteSheetTestApp.cpp */ = {isa = PBXFileReference; fileEncoding = 4; lastKnownFileType = sourcecode.cpp.cpp; name = SpriteSheetTestApp.cpp; path = ../src/SpriteSheetTestApp.cpp; sourceTree = "<group>"; };
		3C4FAABB15D8A3EC00E0BE05 /* SpriteSheetTestApp.h */ = {isa = PBXFileReference; fileEncoding = 4; lastKnownFileType = sourcecode.c.h; name = SpriteSheetTestApp.h; path = ../include/SpriteSheetTestApp.h; sourceTree = "<group>"; };
		3C4FAABC15D8A4C400E0BE05 /* SpriteSheet.h */ = {isa = PBXFileReference; fileEncoding = 4; lastKnownFileType = sourcecode.c.h; name = SpriteSheet.h; path = ../include/SpriteSheet.h; sourceTree = "<group>"; };
		3C4FAABD15D8A4CE00E0BE05 /* SpriteSheet.cpp */ = {isa = PBXFileReference; fileEncoding = 4; lastKnownFileType = sourcecode.cpp.cpp; name = SpriteSheet.cpp; path = ../src/SpriteSheet.cpp; sourceTree = "<group>"; };
		3C6605DD15CF48E80004B31D /* MeshSystem.h */ = {isa = PBXFileReference; fileEncoding = 4; lastKnownFileType = sourcecode.c.h; name = MeshSystem.h; path = ../include/MeshSystem.h; sourceTree = "<group>"; };
		3C6605DF15CF48EF0004B31D /* MeshSystem.cpp */ = {isa = PBXFileReference; fileEncoding = 4; lastKnownFileType = sourcecode.cpp.cpp; name = MeshSystem.cpp; path = ../src/MeshSystem.cpp; sourceTree = "<group>"; };
		3C6605E215CF4EB30004B31D /* meshes */ = {isa = PBXFileReference; lastKnownFileType = folder; name = meshes; path = ../resources/meshes; sourceTree = "<group>"; };
		3C74A40315E9419800768E81 /* TriangleSystem.h */ = {isa = PBXFileReference; fileEncoding = 4; lastKnownFileType = sourcecode.c.h; name = TriangleSystem.h; path = ../include/TriangleSystem.h; sourceTree = "<group>"; };
		3C74A40515E9419F00768E81 /* TriangleSystem.cpp */ = {isa = PBXFileReference; fileEncoding = 4; lastKnownFileType = sourcecode.cpp.cpp; name = TriangleSystem.cpp; path = ../src/TriangleSystem.cpp; sourceTree = "<group>"; };
		3CBA5C4315C5E32B0088D160 /* Emitter.h */ = {isa = PBXFileReference; fileEncoding = 4; lastKnownFileType = sourcecode.c.h; name = Emitter.h; path = ../include/Emitter.h; sourceTree = "<group>"; };
		3CBA5C4515C5E3330088D160 /* Emitter.cpp */ = {isa = PBXFileReference; fileEncoding = 4; lastKnownFileType = sourcecode.cpp.cpp; name = Emitter.cpp; path = ../src/Emitter.cpp; sourceTree = "<group>"; };
		3CBE4BF9159FDFE7009863EB /* CinderMultiParticlesApp.h */ = {isa = PBXFileReference; fileEncoding = 4; lastKnownFileType = sourcecode.c.h; name = CinderMultiParticlesApp.h; path = ../include/CinderMultiParticlesApp.h; sourceTree = "<group>"; };
		3CBE4BFA159FDFE7009863EB /* CinderMultiParticlesApp.cpp */ = {isa = PBXFileReference; fileEncoding = 4; lastKnownFileType = sourcecode.cpp.cpp; name = CinderMultiParticlesApp.cpp; path = ../src/CinderMultiParticlesApp.cpp; sourceTree = "<group>"; };
		3CC051B915D8B01C004131FE /* dk.xml */ = {isa = PBXFileReference; fileEncoding = 4; lastKnownFileType = text.xml; name = dk.xml; path = ../resources/dk.xml; sourceTree = "<group>"; };
		3CC9BB3315C251BD0017D3AE /* LineSystem.h */ = {isa = PBXFileReference; fileEncoding = 4; lastKnownFileType = sourcecode.c.h; name = LineSystem.h; path = ../include/LineSystem.h; sourceTree = "<group>"; };
		3CC9BB3415C251BD0017D3AE /* NumberCache.h */ = {isa = PBXFileReference; fileEncoding = 4; lastKnownFileType = sourcecode.c.h; name = NumberCache.h; path = ../include/NumberCache.h; sourceTree = "<group>"; };
		3CC9BB3515C251BD0017D3AE /* SpriteSystem.h */ = {isa = PBXFileReference; fileEncoding = 4; lastKnownFileType = sourcecode.c.h; name = SpriteSystem.h; path = ../include/SpriteSystem.h; sourceTree = "<group>"; };
		3CC9BB3615C251C90017D3AE /* LineSystem.cpp */ = {isa = PBXFileReference; fileEncoding = 4; lastKnownFileType = sourcecode.cpp.cpp; name = LineSystem.cpp; path = ../src/LineSystem.cpp; sourceTree = "<group>"; };
		3CC9BB3715C251C90017D3AE /* NumberCache.cpp */ = {isa = PBXFileReference; fileEncoding = 4; lastKnownFileType = sourcecode.cpp.cpp; name = NumberCache.cpp; path = ../src/NumberCache.cpp; sourceTree = "<group>"; };
		3CC9BB3815C251C90017D3AE /* SpriteSystem.cpp */ = {isa = PBXFileReference; fileEncoding = 4; lastKnownFileType = sourcecode.cpp.cpp; name = SpriteSystem.cpp; path = ../src/SpriteSystem.cpp; sourceTree = "<group>"; };
		4101ECEC157D297200EF2816 /* CinderParticlesApp.h */ = {isa = PBXFileReference; lastKnownFileType = sourcecode.c.h; name = CinderParticlesApp.h; path = ../include/CinderParticlesApp.h; sourceTree = "<group>"; };
		4101ECEE157D312400EF2816 /* images */ = {isa = PBXFileReference; lastKnownFileType = folder; name = images; path = ../resources/images; sourceTree = "<group>"; };
		5323E6B10EAFCA74003A9687 /* CoreVideo.framework */ = {isa = PBXFileReference; lastKnownFileType = wrapper.framework; name = CoreVideo.framework; path = /System/Library/Frameworks/CoreVideo.framework; sourceTree = "<absolute>"; };
		5323E6B50EAFCA7E003A9687 /* QTKit.framework */ = {isa = PBXFileReference; lastKnownFileType = wrapper.framework; name = QTKit.framework; path = /System/Library/Frameworks/QTKit.framework; sourceTree = "<absolute>"; };
		53E3CDFB0E86099300238D2B /* Carbon.framework */ = {isa = PBXFileReference; lastKnownFileType = wrapper.framework; name = Carbon.framework; path = /System/Library/Frameworks/Carbon.framework; sourceTree = "<absolute>"; };
		8D1107310486CEB800E47090 /* CinderParticles-Info.plist */ = {isa = PBXFileReference; fileEncoding = 4; lastKnownFileType = text.plist.xml; path = "CinderParticles-Info.plist"; sourceTree = "<group>"; };
		8D1107320486CEB800E47090 /* CinderParticles.app */ = {isa = PBXFileReference; explicitFileType = wrapper.application; includeInIndex = 0; path = CinderParticles.app; sourceTree = BUILT_PRODUCTS_DIR; };
/* End PBXFileReference section */

/* Begin PBXFrameworksBuildPhase section */
		3C0FF7A1159FDDCA004FF665 /* Frameworks */ = {
			isa = PBXFrameworksBuildPhase;
			buildActionMask = 2147483647;
			files = (
				3C0FF7A2159FDDCA004FF665 /* Cocoa.framework in Frameworks */,
				3C0FF7A3159FDDCA004FF665 /* OpenGL.framework in Frameworks */,
				3C0FF7A4159FDDCA004FF665 /* Carbon.framework in Frameworks */,
				3C0FF7A5159FDDCA004FF665 /* CoreVideo.framework in Frameworks */,
				3C0FF7A6159FDDCA004FF665 /* QTKit.framework in Frameworks */,
				3C0FF7A7159FDDCA004FF665 /* QuickTime.framework in Frameworks */,
				3C0FF7A8159FDDCA004FF665 /* Accelerate.framework in Frameworks */,
				3C0FF7A9159FDDCA004FF665 /* AudioToolbox.framework in Frameworks */,
				3C0FF7AA159FDDCA004FF665 /* AudioUnit.framework in Frameworks */,
				3C0FF7AB159FDDCA004FF665 /* CoreAudio.framework in Frameworks */,
			);
			runOnlyForDeploymentPostprocessing = 0;
		};
		3C4FAAA715D8A21D00E0BE05 /* Frameworks */ = {
			isa = PBXFrameworksBuildPhase;
			buildActionMask = 2147483647;
			files = (
				3C4FAAA815D8A21D00E0BE05 /* Cocoa.framework in Frameworks */,
				3C4FAAA915D8A21D00E0BE05 /* OpenGL.framework in Frameworks */,
				3C4FAAAA15D8A21D00E0BE05 /* Carbon.framework in Frameworks */,
				3C4FAAAB15D8A21D00E0BE05 /* CoreVideo.framework in Frameworks */,
				3C4FAAAC15D8A21D00E0BE05 /* QTKit.framework in Frameworks */,
				3C4FAAAD15D8A21D00E0BE05 /* QuickTime.framework in Frameworks */,
				3C4FAAAE15D8A21D00E0BE05 /* Accelerate.framework in Frameworks */,
				3C4FAAAF15D8A21D00E0BE05 /* AudioToolbox.framework in Frameworks */,
				3C4FAAB015D8A21D00E0BE05 /* AudioUnit.framework in Frameworks */,
				3C4FAAB115D8A21D00E0BE05 /* CoreAudio.framework in Frameworks */,
			);
			runOnlyForDeploymentPostprocessing = 0;
		};
		8D11072E0486CEB800E47090 /* Frameworks */ = {
			isa = PBXFrameworksBuildPhase;
			buildActionMask = 2147483647;
			files = (
				8D11072F0486CEB800E47090 /* Cocoa.framework in Frameworks */,
				0091D8F90E81B9330029341E /* OpenGL.framework in Frameworks */,
				53E3CDFC0E86099300238D2B /* Carbon.framework in Frameworks */,
				5323E6B20EAFCA74003A9687 /* CoreVideo.framework in Frameworks */,
				5323E6B60EAFCA7E003A9687 /* QTKit.framework in Frameworks */,
				0097E3E50F3E9819005A4392 /* QuickTime.framework in Frameworks */,
				00B784B30FF439BC000DE1D7 /* Accelerate.framework in Frameworks */,
				00B784B40FF439BC000DE1D7 /* AudioToolbox.framework in Frameworks */,
				00B784B50FF439BC000DE1D7 /* AudioUnit.framework in Frameworks */,
				00B784B60FF439BC000DE1D7 /* CoreAudio.framework in Frameworks */,
			);
			runOnlyForDeploymentPostprocessing = 0;
		};
/* End PBXFrameworksBuildPhase section */

/* Begin PBXGroup section */
		080E96DDFE201D6D7F000001 /* Source */ = {
			isa = PBXGroup;
			children = (
				3C4FAAB815D8A3D600E0BE05 /* SpriteSheetTestApp.cpp */,
				3CBE4BFA159FDFE7009863EB /* CinderMultiParticlesApp.cpp */,
				00BAE6590E7ED9C10018A608 /* CinderParticlesApp.cpp */,
				3CBA5C4515C5E3330088D160 /* Emitter.cpp */,
				3C09D57915CF015A007BEB31 /* GpuParticleSystem.cpp */,
				3C09D57515CEFAE5007BEB31 /* GpuSystem.cpp */,
				3CC9BB3615C251C90017D3AE /* LineSystem.cpp */,
				3C6605DF15CF48EF0004B31D /* MeshSystem.cpp */,
				3CC9BB3715C251C90017D3AE /* NumberCache.cpp */,
				0026CD1B1197C25E007D86C6 /* ParticleSystem.cpp */,
				3C4FAABD15D8A4CE00E0BE05 /* SpriteSheet.cpp */,
				3CC9BB3815C251C90017D3AE /* SpriteSystem.cpp */,
				3C74A40515E9419F00768E81 /* TriangleSystem.cpp */,
				3C0999BB15DDEDEA007D4035 /* VaoMesh.cpp */,
				3C0999BC15DDEDEA007D4035 /* VaoMeshSystem.cpp */,
			);
			name = Source;
			sourceTree = "<group>";
		};
		1058C7A0FEA54F0111CA2CBB /* Linked Frameworks */ = {
			isa = PBXGroup;
			children = (
				00B784AF0FF439BC000DE1D7 /* Accelerate.framework */,
				00B784B00FF439BC000DE1D7 /* AudioToolbox.framework */,
				00B784B10FF439BC000DE1D7 /* AudioUnit.framework */,
				00B784B20FF439BC000DE1D7 /* CoreAudio.framework */,
				0097E3E40F3E9819005A4392 /* QuickTime.framework */,
				5323E6B50EAFCA7E003A9687 /* QTKit.framework */,
				5323E6B10EAFCA74003A9687 /* CoreVideo.framework */,
				53E3CDFB0E86099300238D2B /* Carbon.framework */,
				0091D8F80E81B9330029341E /* OpenGL.framework */,
				1058C7A1FEA54F0111CA2CBB /* Cocoa.framework */,
			);
			name = "Linked Frameworks";
			sourceTree = "<group>";
		};
		1058C7A2FEA54F0111CA2CBB /* Other Frameworks */ = {
			isa = PBXGroup;
			children = (
				29B97324FDCFA39411CA2CEA /* AppKit.framework */,
				13E42FB307B3F0F600E4EEF1 /* CoreData.framework */,
				29B97325FDCFA39411CA2CEA /* Foundation.framework */,
			);
			name = "Other Frameworks";
			sourceTree = "<group>";
		};
		19C28FACFE9D520D11CA2CBB /* Products */ = {
			isa = PBXGroup;
			children = (
				8D1107320486CEB800E47090 /* CinderParticles.app */,
				3C0FF7AF159FDDCA004FF665 /* CinderMultiParticles.app */,
				3C4FAAB515D8A21D00E0BE05 /* SpriteSheetTest.app */,
			);
			name = Products;
			sourceTree = "<group>";
		};
		29B97314FDCFA39411CA2CEA /* msaFluidParticles */ = {
			isa = PBXGroup;
			children = (
				29B97315FDCFA39411CA2CEA /* Headers */,
				080E96DDFE201D6D7F000001 /* Source */,
				29B97317FDCFA39411CA2CEA /* Resources */,
				29B97323FDCFA39411CA2CEA /* Frameworks */,
				19C28FACFE9D520D11CA2CBB /* Products */,
			);
			name = msaFluidParticles;
			sourceTree = "<group>";
		};
		29B97315FDCFA39411CA2CEA /* Headers */ = {
			isa = PBXGroup;
			children = (
				3C4FAABB15D8A3EC00E0BE05 /* SpriteSheetTestApp.h */,
				3CBE4BF9159FDFE7009863EB /* CinderMultiParticlesApp.h */,
				32CA4F630368D1EE00C91783 /* CinderParticles_Prefix.pch */,
				4101ECEC157D297200EF2816 /* CinderParticlesApp.h */,
				3CBA5C4315C5E32B0088D160 /* Emitter.h */,
				3C09D57815CEFF2F007BEB31 /* GpuParticleSystem.h */,
				3C09D57315CEFADD007BEB31 /* GpuSystem.h */,
				3CC9BB3315C251BD0017D3AE /* LineSystem.h */,
				3C6605DD15CF48E80004B31D /* MeshSystem.h */,
				3CC9BB3415C251BD0017D3AE /* NumberCache.h */,
				0026CD211197C267007D86C6 /* ParticleSystem.h */,
				3C4FAABC15D8A4C400E0BE05 /* SpriteSheet.h */,
				3CC9BB3515C251BD0017D3AE /* SpriteSystem.h */,
				3C74A40315E9419800768E81 /* TriangleSystem.h */,
				3C0999C215DDEDF5007D4035 /* VaoMesh.h */,
				3C0999C315DDEDF5007D4035 /* VaoMeshSystem.h */,
			);
			name = Headers;
			sourceTree = "<group>";
		};
		29B97317FDCFA39411CA2CEA /* Resources */ = {
			isa = PBXGroup;
			children = (
				3CC051B915D8B01C004131FE /* dk.xml */,
				3C6605E215CF4EB30004B31D /* meshes */,
				4101ECEE157D312400EF2816 /* images */,
				3C12D8F215E1AD180098565D /* shaders */,
				8D1107310486CEB800E47090 /* CinderParticles-Info.plist */,
				3C0FF7B2159FDDCB004FF665 /* CinderMultiParticles-Info.plist */,
				3C4FAAB715D8A21D00E0BE05 /* SpriteSheetTest-Info.plist */,
			);
			name = Resources;
			sourceTree = "<group>";
		};
		29B97323FDCFA39411CA2CEA /* Frameworks */ = {
			isa = PBXGroup;
			children = (
				1058C7A0FEA54F0111CA2CBB /* Linked Frameworks */,
				1058C7A2FEA54F0111CA2CBB /* Other Frameworks */,
			);
			name = Frameworks;
			sourceTree = "<group>";
		};
/* End PBXGroup section */

/* Begin PBXNativeTarget section */
		3C0FF799159FDDCA004FF665 /* CinderMultiParticles */ = {
			isa = PBXNativeTarget;
			buildConfigurationList = 3C0FF7AC159FDDCA004FF665 /* Build configuration list for PBXNativeTarget "CinderMultiParticles" */;
			buildPhases = (
				3C0FF79A159FDDCA004FF665 /* Resources */,
				3C0FF79D159FDDCA004FF665 /* Sources */,
				3C0FF7A1159FDDCA004FF665 /* Frameworks */,
			);
			buildRules = (
			);
			dependencies = (
			);
			name = CinderMultiParticles;
			productInstallPath = "$(HOME)/Applications";
			productName = msaFluidParticles;
			productReference = 3C0FF7AF159FDDCA004FF665 /* CinderMultiParticles.app */;
			productType = "com.apple.product-type.application";
		};
		3C4FAA9815D8A21D00E0BE05 /* SpriteSheetTest */ = {
			isa = PBXNativeTarget;
			buildConfigurationList = 3C4FAAB215D8A21D00E0BE05 /* Build configuration list for PBXNativeTarget "SpriteSheetTest" */;
			buildPhases = (
				3C4FAA9915D8A21D00E0BE05 /* Resources */,
				3C4FAA9D15D8A21D00E0BE05 /* Sources */,
				3C4FAAA715D8A21D00E0BE05 /* Frameworks */,
			);
			buildRules = (
			);
			dependencies = (
			);
			name = SpriteSheetTest;
			productInstallPath = "$(HOME)/Applications";
			productName = msaFluidParticles;
			productReference = 3C4FAAB515D8A21D00E0BE05 /* SpriteSheetTest.app */;
			productType = "com.apple.product-type.application";
		};
		8D1107260486CEB800E47090 /* CinderParticles */ = {
			isa = PBXNativeTarget;
			buildConfigurationList = C01FCF4A08A954540054247B /* Build configuration list for PBXNativeTarget "CinderParticles" */;
			buildPhases = (
				8D1107290486CEB800E47090 /* Resources */,
				8D11072C0486CEB800E47090 /* Sources */,
				8D11072E0486CEB800E47090 /* Frameworks */,
			);
			buildRules = (
			);
			dependencies = (
			);
			name = CinderParticles;
			productInstallPath = "$(HOME)/Applications";
			productName = msaFluidParticles;
			productReference = 8D1107320486CEB800E47090 /* CinderParticles.app */;
			productType = "com.apple.product-type.application";
		};
/* End PBXNativeTarget section */

/* Begin PBXProject section */
		29B97313FDCFA39411CA2CEA /* Project object */ = {
			isa = PBXProject;
			buildConfigurationList = C01FCF4E08A954540054247B /* Build configuration list for PBXProject "CinderParticles" */;
			compatibilityVersion = "Xcode 3.0";
			developmentRegion = English;
			hasScannedForEncodings = 1;
			knownRegions = (
				English,
				Japanese,
				French,
				German,
			);
			mainGroup = 29B97314FDCFA39411CA2CEA /* msaFluidParticles */;
			projectDirPath = "";
			projectRoot = "";
			targets = (
				8D1107260486CEB800E47090 /* CinderParticles */,
				3C0FF799159FDDCA004FF665 /* CinderMultiParticles */,
				3C4FAA9815D8A21D00E0BE05 /* SpriteSheetTest */,
			);
		};
/* End PBXProject section */

/* Begin PBXResourcesBuildPhase section */
		3C0FF79A159FDDCA004FF665 /* Resources */ = {
			isa = PBXResourcesBuildPhase;
			buildActionMask = 2147483647;
			files = (
				3C0FF79B159FDDCA004FF665 /* images in Resources */,
				3C6605E415CF4EB30004B31D /* meshes in Resources */,
				3C12D8F415E1AD180098565D /* shaders in Resources */,
			);
			runOnlyForDeploymentPostprocessing = 0;
		};
		3C4FAA9915D8A21D00E0BE05 /* Resources */ = {
			isa = PBXResourcesBuildPhase;
			buildActionMask = 2147483647;
			files = (
				3C4FAA9A15D8A21D00E0BE05 /* images in Resources */,
				3C4FAA9C15D8A21D00E0BE05 /* meshes in Resources */,
				3CC051BA15D8B01C004131FE /* dk.xml in Resources */,
			);
			runOnlyForDeploymentPostprocessing = 0;
		};
		8D1107290486CEB800E47090 /* Resources */ = {
			isa = PBXResourcesBuildPhase;
			buildActionMask = 2147483647;
			files = (
				4101ECF0157D312400EF2816 /* images in Resources */,
				3C6605E315CF4EB30004B31D /* meshes in Resources */,
				3C12D8F315E1AD180098565D /* shaders in Resources */,
			);
			runOnlyForDeploymentPostprocessing = 0;
		};
/* End PBXResourcesBuildPhase section */

/* Begin PBXSourcesBuildPhase section */
		3C0FF79D159FDDCA004FF665 /* Sources */ = {
			isa = PBXSourcesBuildPhase;
			buildActionMask = 2147483647;
			files = (
				3C09D57B15CF0164007BEB31 /* GpuParticleSystem.cpp in Sources */,
				3C09D57715CEFAF9007BEB31 /* GpuSystem.cpp in Sources */,
				3C9D942215C6153800C47CDD /* Emitter.cpp in Sources */,
				3C0FF7A0159FDDCA004FF665 /* ParticleSystem.cpp in Sources */,
				3CBE4BFB159FDFE7009863EB /* CinderMultiParticlesApp.cpp in Sources */,
				3CC9BB3A15C251C90017D3AE /* LineSystem.cpp in Sources */,
				3CC9BB3C15C251C90017D3AE /* NumberCache.cpp in Sources */,
				3CC9BB3E15C251C90017D3AE /* SpriteSystem.cpp in Sources */,
				3C6605E115CF48EF0004B31D /* MeshSystem.cpp in Sources */,
				3C0999BE15DDEDEA007D4035 /* VaoMesh.cpp in Sources */,
				3C0999C015DDEDEA007D4035 /* VaoMeshSystem.cpp in Sources */,
				3C74A40615E9419F00768E81 /* TriangleSystem.cpp in Sources */,
			);
			runOnlyForDeploymentPostprocessing = 0;
		};
		3C4FAA9D15D8A21D00E0BE05 /* Sources */ = {
			isa = PBXSourcesBuildPhase;
			buildActionMask = 2147483647;
			files = (
				3C4FAABA15D8A3D600E0BE05 /* SpriteSheetTestApp.cpp in Sources */,
				3C4FAABE15D8A4CE00E0BE05 /* SpriteSheet.cpp in Sources */,
			);
			runOnlyForDeploymentPostprocessing = 0;
		};
		8D11072C0486CEB800E47090 /* Sources */ = {
			isa = PBXSourcesBuildPhase;
			buildActionMask = 2147483647;
			files = (
				00BAE65A0E7ED9C10018A608 /* CinderParticlesApp.cpp in Sources */,
				0026CD1D1197C25E007D86C6 /* ParticleSystem.cpp in Sources */,
				3CC9BB3915C251C90017D3AE /* LineSystem.cpp in Sources */,
				3CC9BB3B15C251C90017D3AE /* NumberCache.cpp in Sources */,
				3CC9BB3D15C251C90017D3AE /* SpriteSystem.cpp in Sources */,
				3CBA5C4615C5E3330088D160 /* Emitter.cpp in Sources */,
				3C09D57615CEFAE5007BEB31 /* GpuSystem.cpp in Sources */,
				3C09D57A15CF015A007BEB31 /* GpuParticleSystem.cpp in Sources */,
				3C6605E015CF48EF0004B31D /* MeshSystem.cpp in Sources */,
				3C0999BD15DDEDEA007D4035 /* VaoMesh.cpp in Sources */,
				3C0999BF15DDEDEA007D4035 /* VaoMeshSystem.cpp in Sources */,
			);
			runOnlyForDeploymentPostprocessing = 0;
		};
/* End PBXSourcesBuildPhase section */

/* Begin XCBuildConfiguration section */
		3C0FF7AD159FDDCA004FF665 /* Debug */ = {
			isa = XCBuildConfiguration;
			buildSettings = {
				COPY_PHASE_STRIP = NO;
				GCC_DYNAMIC_NO_PIC = NO;
				GCC_ENABLE_FIX_AND_CONTINUE = YES;
				GCC_INLINES_ARE_PRIVATE_EXTERN = YES;
				GCC_MODEL_TUNING = G5;
				GCC_OPTIMIZATION_LEVEL = 0;
				GCC_PRECOMPILE_PREFIX_HEADER = YES;
				GCC_PREFIX_HEADER = CinderParticles_Prefix.pch;
				GCC_SYMBOLS_PRIVATE_EXTERN = NO;
				GCC_UNROLL_LOOPS = NO;
				INFOPLIST_FILE = "CinderMultiParticles-Info.plist";
				INSTALL_PATH = "$(HOME)/Applications";
				OTHER_LDFLAGS = (
					"$(CINDER_PATH)/lib/libcinder_d.a",
					"-lcurl",
				);
				PRODUCT_NAME = CinderMultiParticles;
				WRAPPER_EXTENSION = app;
				ZERO_LINK = YES;
			};
			name = Debug;
		};
		3C0FF7AE159FDDCA004FF665 /* Release */ = {
			isa = XCBuildConfiguration;
			buildSettings = {
				DEAD_CODE_STRIPPING = YES;
				DEBUG_INFORMATION_FORMAT = "dwarf-with-dsym";
				GCC_FAST_MATH = YES;
				GCC_INLINES_ARE_PRIVATE_EXTERN = YES;
				GCC_MODEL_TUNING = G5;
				GCC_OPTIMIZATION_LEVEL = 3;
				GCC_PRECOMPILE_PREFIX_HEADER = YES;
				GCC_PREFIX_HEADER = CinderParticles_Prefix.pch;
				GCC_SYMBOLS_PRIVATE_EXTERN = NO;
				GCC_UNROLL_LOOPS = YES;
				INFOPLIST_FILE = "CinderMultiParticles-Info.plist";
				INSTALL_PATH = "$(HOME)/Applications";
				OTHER_LDFLAGS = (
					"$(CINDER_PATH)/lib/libcinder.a",
					"-lcurl",
				);
				PRODUCT_NAME = CinderMultiParticles;
				STRIP_INSTALLED_PRODUCT = YES;
				WRAPPER_EXTENSION = app;
			};
			name = Release;
		};
		3C4FAAB315D8A21D00E0BE05 /* Debug */ = {
			isa = XCBuildConfiguration;
			buildSettings = {
				COPY_PHASE_STRIP = NO;
				GCC_DYNAMIC_NO_PIC = NO;
				GCC_ENABLE_FIX_AND_CONTINUE = YES;
				GCC_INLINES_ARE_PRIVATE_EXTERN = YES;
				GCC_MODEL_TUNING = G5;
				GCC_OPTIMIZATION_LEVEL = 0;
				GCC_PRECOMPILE_PREFIX_HEADER = YES;
				GCC_PREFIX_HEADER = CinderParticles_Prefix.pch;
				GCC_SYMBOLS_PRIVATE_EXTERN = NO;
				GCC_UNROLL_LOOPS = NO;
				INFOPLIST_FILE = "$(SRCROOT)/SpriteSheetTest-Info.plist";
				INSTALL_PATH = "$(HOME)/Applications";
				OTHER_LDFLAGS = (
					"$(CINDER_PATH)/lib/libcinder_d.a",
					"-lcurl",
				);
				PRODUCT_NAME = SpriteSheetTest;
				WRAPPER_EXTENSION = app;
				ZERO_LINK = YES;
			};
			name = Debug;
		};
		3C4FAAB415D8A21D00E0BE05 /* Release */ = {
			isa = XCBuildConfiguration;
			buildSettings = {
				DEAD_CODE_STRIPPING = YES;
				DEBUG_INFORMATION_FORMAT = "dwarf-with-dsym";
				GCC_FAST_MATH = YES;
				GCC_INLINES_ARE_PRIVATE_EXTERN = YES;
				GCC_MODEL_TUNING = G5;
				GCC_OPTIMIZATION_LEVEL = 3;
				GCC_PRECOMPILE_PREFIX_HEADER = YES;
				GCC_PREFIX_HEADER = CinderParticles_Prefix.pch;
				GCC_SYMBOLS_PRIVATE_EXTERN = NO;
				GCC_UNROLL_LOOPS = YES;
				INFOPLIST_FILE = "$(SRCROOT)/SpriteSheetTest-Info.plist";
				INSTALL_PATH = "$(HOME)/Applications";
				OTHER_LDFLAGS = (
					"$(CINDER_PATH)/lib/libcinder.a",
					"-lcurl",
				);
				PRODUCT_NAME = SpriteSheetTest;
				STRIP_INSTALLED_PRODUCT = YES;
				WRAPPER_EXTENSION = app;
			};
			name = Release;
		};
		C01FCF4B08A954540054247B /* Debug */ = {
			isa = XCBuildConfiguration;
			buildSettings = {
				COPY_PHASE_STRIP = NO;
				GCC_DYNAMIC_NO_PIC = NO;
				GCC_ENABLE_FIX_AND_CONTINUE = YES;
				GCC_INLINES_ARE_PRIVATE_EXTERN = YES;
				GCC_MODEL_TUNING = G5;
				GCC_OPTIMIZATION_LEVEL = 0;
				GCC_PRECOMPILE_PREFIX_HEADER = YES;
				GCC_PREFIX_HEADER = CinderParticles_Prefix.pch;
				GCC_SYMBOLS_PRIVATE_EXTERN = NO;
				GCC_UNROLL_LOOPS = NO;
				INFOPLIST_FILE = "$(SRCROOT)/CinderParticles-Info.plist";
				INSTALL_PATH = "$(HOME)/Applications";
				OTHER_LDFLAGS = (
					"$(CINDER_PATH)/lib/libcinder_d.a",
					"-lcurl",
				);
				PRODUCT_NAME = CinderParticles;
				WRAPPER_EXTENSION = app;
				ZERO_LINK = YES;
			};
			name = Debug;
		};
		C01FCF4C08A954540054247B /* Release */ = {
			isa = XCBuildConfiguration;
			buildSettings = {
				DEAD_CODE_STRIPPING = YES;
				DEBUG_INFORMATION_FORMAT = "dwarf-with-dsym";
				GCC_FAST_MATH = YES;
				GCC_INLINES_ARE_PRIVATE_EXTERN = YES;
				GCC_MODEL_TUNING = G5;
				GCC_OPTIMIZATION_LEVEL = 3;
				GCC_PRECOMPILE_PREFIX_HEADER = YES;
				GCC_PREFIX_HEADER = CinderParticles_Prefix.pch;
				GCC_SYMBOLS_PRIVATE_EXTERN = NO;
				GCC_UNROLL_LOOPS = YES;
				INFOPLIST_FILE = "$(SRCROOT)/CinderParticles-Info.plist";
				INSTALL_PATH = "$(HOME)/Applications";
				OTHER_LDFLAGS = (
					"$(CINDER_PATH)/lib/libcinder.a",
					"-lcurl",
				);
				PRODUCT_NAME = CinderParticles;
				STRIP_INSTALLED_PRODUCT = YES;
				WRAPPER_EXTENSION = app;
			};
			name = Release;
		};
		C01FCF4F08A954540054247B /* Debug */ = {
			isa = XCBuildConfiguration;
			buildSettings = {
				ALWAYS_SEARCH_USER_PATHS = NO;
				ARCHS = i386;
				CINDER_PATH = ../../Cinder/cinder;
				GCC_VERSION = com.apple.compilers.llvmgcc42;
				GCC_WARN_ABOUT_RETURN_TYPE = YES;
				GCC_WARN_UNUSED_VARIABLE = YES;
				HEADER_SEARCH_PATHS = "$(CINDER_PATH)/boost";
				PREBINDING = NO;
				SDKROOT = macosx10.7;
				USER_HEADER_SEARCH_PATHS = "$(CINDER_PATH)/include $(CINDER_PATH)/boost ../include";
			};
			name = Debug;
		};
		C01FCF5008A954540054247B /* Release */ = {
			isa = XCBuildConfiguration;
			buildSettings = {
				ALWAYS_SEARCH_USER_PATHS = NO;
				ARCHS = i386;
				CINDER_PATH = ../../Cinder/cinder;
				GCC_VERSION = com.apple.compilers.llvmgcc42;
				GCC_WARN_ABOUT_RETURN_TYPE = YES;
				GCC_WARN_UNUSED_VARIABLE = YES;
				HEADER_SEARCH_PATHS = "$(CINDER_PATH)/boost";
				PREBINDING = NO;
				SDKROOT = macosx10.7;
				USER_HEADER_SEARCH_PATHS = "$(CINDER_PATH)/include $(CINDER_PATH)/boost ../include";
			};
			name = Release;
		};
/* End XCBuildConfiguration section */

/* Begin XCConfigurationList section */
		3C0FF7AC159FDDCA004FF665 /* Build configuration list for PBXNativeTarget "CinderMultiParticles" */ = {
			isa = XCConfigurationList;
			buildConfigurations = (
				3C0FF7AD159FDDCA004FF665 /* Debug */,
				3C0FF7AE159FDDCA004FF665 /* Release */,
			);
			defaultConfigurationIsVisible = 0;
			defaultConfigurationName = Release;
		};
		3C4FAAB215D8A21D00E0BE05 /* Build configuration list for PBXNativeTarget "SpriteSheetTest" */ = {
			isa = XCConfigurationList;
			buildConfigurations = (
				3C4FAAB315D8A21D00E0BE05 /* Debug */,
				3C4FAAB415D8A21D00E0BE05 /* Release */,
			);
			defaultConfigurationIsVisible = 0;
			defaultConfigurationName = Release;
		};
		C01FCF4A08A954540054247B /* Build configuration list for PBXNativeTarget "CinderParticles" */ = {
			isa = XCConfigurationList;
			buildConfigurations = (
				C01FCF4B08A954540054247B /* Debug */,
				C01FCF4C08A954540054247B /* Release */,
			);
			defaultConfigurationIsVisible = 0;
			defaultConfigurationName = Release;
		};
		C01FCF4E08A954540054247B /* Build configuration list for PBXProject "CinderParticles" */ = {
			isa = XCConfigurationList;
			buildConfigurations = (
				C01FCF4F08A954540054247B /* Debug */,
				C01FCF5008A954540054247B /* Release */,
			);
			defaultConfigurationIsVisible = 0;
			defaultConfigurationName = Release;
		};
/* End XCConfigurationList section */
	};
	rootObject = 29B97313FDCFA39411CA2CEA /* Project object */;
}
