Microsoft Visual Studio Solution File, Format Version 12.00
# Visual Studio Express 2012 for Windows Desktop
Project("{8BC9CEB8-8B4A-11D0-8D11-00A0C91BC942}") = "CinderParticles", "CinderParticles.vcxproj", "{3AB0D0CF-6499-4D0A-BE31-B7D3EB3E9DDE}"
EndProject
Project("{8BC9CEB8-8B4A-11D0-8D11-00A0C91BC942}") = "CinderMultiParticles", "CinderMultiParticles.vcxproj", "{36507FBE-5FFD-4087-AEAB-77CF63C5C6A1}"
EndProject
Global
	GlobalSection(SolutionConfigurationPlatforms) = preSolution
		Debug|Win32 = Debug|Win32
		Release|Win32 = Release|Win32
	EndGlobalSection
	GlobalSection(ProjectConfigurationPlatforms) = postSolution
		{3AB0D0CF-6499-4D0A-BE31-B7D3EB3E9DDE}.Debug|Win32.ActiveCfg = Debug|Win32
		{3AB0D0CF-6499-4D0A-BE31-B7D3EB3E9DDE}.Debug|Win32.Build.0 = Debug|Win32
		{3AB0D0CF-6499-4D0A-BE31-B7D3EB3E9DDE}.Release|Win32.ActiveCfg = Release|Win32
		{3AB0D0CF-6499-4D0A-BE31-B7D3EB3E9DDE}.Release|Win32.Build.0 = Release|Win32
		{36507FBE-5FFD-4087-AEAB-77CF63C5C6A1}.Debug|Win32.ActiveCfg = Debug|Win32
		{36507FBE-5FFD-4087-AEAB-77CF63C5C6A1}.Debug|Win32.Build.0 = Debug|Win32
		{36507FBE-5FFD-4087-AEAB-77CF63C5C6A1}.Release|Win32.ActiveCfg = Release|Win32
		{36507FBE-5FFD-4087-AEAB-77CF63C5C6A1}.Release|Win32.Build.0 = Release|Win32
	EndGlobalSection
	GlobalSection(SolutionProperties) = preSolution
		HideSolutionNode = FALSE
	EndGlobalSection
EndGlobal
